{
  "originHash" : "55b48a03be5e55870f10a47981581ff25b91ba17b0fddcb2f2c354191108c8d1",
  "pins" : [
    {
      "identity" : "collectionviewdistributionallayout",
      "kind" : "remoteSourceControl",
      "location" : "https://github.com/noppefoxwolf/CollectionViewDistributionalLayout",
      "state" : {
        "revision" : "34dc3095a9d3a30829096541a89803899c706b51",
        "version" : "0.0.6"
      }
    },
    {
      "identity" : "pager",
      "kind" : "remoteSourceControl",
      "location" : "https://github.com/noppefoxwolf/Pager",
      "state" : {
        "revision" : "d48ea258e4f8e3c2356efbf604055677e2361128",
        "version" : "0.2.9"
      }
    }
  ],
  "version" : 3
}
