{
  "originHash" : "e917fd96ca5db8c85c47cafb6b7929dc6984c8e0b317ef6fe26aeddeaa33b600",
  "pins" : [
    {
      "identity" : "collectionviewdistributionallayout",
      "kind" : "remoteSourceControl",
      "location" : "https://github.com/noppefoxwolf/CollectionViewDistributionalLayout",
      "state" : {
        "revision" : "1309e1bb599fc145bb7a2a0c5e4601668feed3e7",
        "version" : "0.0.7"
      }
    },
    {
      "identity" : "pager",
      "kind" : "remoteSourceControl",
      "location" : "https://github.com/noppefoxwolf/Pager",
      "state" : {
        "revision" : "106b74d45285bbaf8becc98700b803d6fec932ba",
        "version" : "0.3.6"
      }
    }
  ],
  "version" : 3
}
