{
  "originHash" : "9741c8579a1e1a1527908b2a24ea1a71b561c201f9ec31de29f4cea3cc2b138c",
  "pins" : [
    {
      "identity" : "collectionviewdistributionallayout",
      "kind" : "remoteSourceControl",
      "location" : "https://github.com/noppefoxwolf/CollectionViewDistributionalLayout",
      "state" : {
        "revision" : "060ec569fcb8d2ee8e254f5d60e417e99f2f708f",
        "version" : "0.0.7"
      }
    },
    {
      "identity" : "pager",
      "kind" : "remoteSourceControl",
      "location" : "https://github.com/noppefoxwolf/Pager",
      "state" : {
        "revision" : "a302966b590b9d315a4e7c9fab4a19d2d908ce4b",
        "version" : "0.3.9"
      }
    }
  ],
  "version" : 3
}
